// !$*UTF8*$!
{
	archiveVersion = 1;
	classes = {
	};
	objectVersion = 56;
	objects = {

/* Begin PBXBuildFile section */
		507ED7CDCE88B0145649D271 /* Pods_NetworkKit.framework in Frameworks */ = {isa = PBXBuildFile; fileRef = F0565913B56C77F204615E89 /* Pods_NetworkKit.framework */; };
		5481080FF535895877C6AD88 /* Pods_NetworkKit_NetworkKitTests.framework in Frameworks */ = {isa = PBXBuildFile; fileRef = 745FE70AAE3CD484DE2FAD04 /* Pods_NetworkKit_NetworkKitTests.framework */; };
		55C0971F0B65A0E65BC8FC79 /* Pods_GitHubRepo_GitHubRepoUITests.framework in Frameworks */ = {isa = PBXBuildFile; fileRef = 018CD2270E8879972D5D1F30 /* Pods_GitHubRepo_GitHubRepoUITests.framework */; };
		7780D1722994E16300DB17FB /* NetworkKit.docc in Sources */ = {isa = PBXBuildFile; fileRef = 7780D1712994E16300DB17FB /* NetworkKit.docc */; };
		7780D1782994E16300DB17FB /* NetworkKit.framework in Frameworks */ = {isa = PBXBuildFile; fileRef = 7780D16E2994E16300DB17FB /* NetworkKit.framework */; };
		7780D17F2994E16300DB17FB /* NetworkKitTests.swift in Sources */ = {isa = PBXBuildFile; fileRef = 7780D17E2994E16300DB17FB /* NetworkKitTests.swift */; };
		7780D1802994E16300DB17FB /* NetworkKit.h in Headers */ = {isa = PBXBuildFile; fileRef = 7780D1702994E16300DB17FB /* NetworkKit.h */; settings = {ATTRIBUTES = (Public, ); }; };
		7780D1832994E16300DB17FB /* NetworkKit.framework in Frameworks */ = {isa = PBXBuildFile; fileRef = 7780D16E2994E16300DB17FB /* NetworkKit.framework */; };
		7780D1842994E16300DB17FB /* NetworkKit.framework in Embed Frameworks */ = {isa = PBXBuildFile; fileRef = 7780D16E2994E16300DB17FB /* NetworkKit.framework */; settings = {ATTRIBUTES = (CodeSignOnCopy, RemoveHeadersOnCopy, ); }; };
		7780D18E2994E6BC00DB17FB /* APIResource.swift in Sources */ = {isa = PBXBuildFile; fileRef = 7780D18D2994E6BC00DB17FB /* APIResource.swift */; };
		7780D1902994E7C900DB17FB /* NetworkRequest.swift in Sources */ = {isa = PBXBuildFile; fileRef = 7780D18F2994E7C900DB17FB /* NetworkRequest.swift */; };
		7780D1922994EA2800DB17FB /* APIRequest.swift in Sources */ = {isa = PBXBuildFile; fileRef = 7780D1912994EA2800DB17FB /* APIRequest.swift */; };
		7780D1962994F03900DB17FB /* GitHubPullRequest.swift in Sources */ = {isa = PBXBuildFile; fileRef = 7780D1952994F03900DB17FB /* GitHubPullRequest.swift */; };
		7780D1992994F73600DB17FB /* GitHubPullRequestService.swift in Sources */ = {isa = PBXBuildFile; fileRef = 7780D1982994F73600DB17FB /* GitHubPullRequestService.swift */; };
		7780D19E2994FD9F00DB17FB /* GitPullRequestViewModel.swift in Sources */ = {isa = PBXBuildFile; fileRef = 7780D19D2994FD9F00DB17FB /* GitPullRequestViewModel.swift */; };
		7780D1A12995066300DB17FB /* GitHubPullRequestsVC.swift in Sources */ = {isa = PBXBuildFile; fileRef = 7780D1A02995066300DB17FB /* GitHubPullRequestsVC.swift */; };
		7780D1A5299507C000DB17FB /* NavigationController.swift in Sources */ = {isa = PBXBuildFile; fileRef = 7780D1A4299507C000DB17FB /* NavigationController.swift */; };
		7780D1A729950AE800DB17FB /* PullRequestTableViewDataSource.swift in Sources */ = {isa = PBXBuildFile; fileRef = 7780D1A629950AE800DB17FB /* PullRequestTableViewDataSource.swift */; };
		7780D1A929950CEB00DB17FB /* PullRequestTableViewCell.swift in Sources */ = {isa = PBXBuildFile; fileRef = 7780D1A829950CEB00DB17FB /* PullRequestTableViewCell.swift */; };
		7780D1AB29954D1200DB17FB /* ServiceManager.swift in Sources */ = {isa = PBXBuildFile; fileRef = 7780D1AA29954D1200DB17FB /* ServiceManager.swift */; };
		77B8E62E29938F5400F81EB2 /* AppDelegate.swift in Sources */ = {isa = PBXBuildFile; fileRef = 77B8E62D29938F5400F81EB2 /* AppDelegate.swift */; };
		77B8E63229938F5400F81EB2 /* ViewController.swift in Sources */ = {isa = PBXBuildFile; fileRef = 77B8E63129938F5400F81EB2 /* ViewController.swift */; };
		77B8E63529938F5400F81EB2 /* Main.storyboard in Resources */ = {isa = PBXBuildFile; fileRef = 77B8E63329938F5400F81EB2 /* Main.storyboard */; };
		77B8E63729938F5500F81EB2 /* Assets.xcassets in Resources */ = {isa = PBXBuildFile; fileRef = 77B8E63629938F5500F81EB2 /* Assets.xcassets */; };
		77B8E63A29938F5500F81EB2 /* LaunchScreen.storyboard in Resources */ = {isa = PBXBuildFile; fileRef = 77B8E63829938F5500F81EB2 /* LaunchScreen.storyboard */; };
		77B8E64529938F5500F81EB2 /* GitHubRepoTests.swift in Sources */ = {isa = PBXBuildFile; fileRef = 77B8E64429938F5500F81EB2 /* GitHubRepoTests.swift */; };
		77B8E64F29938F5500F81EB2 /* GitHubRepoUITests.swift in Sources */ = {isa = PBXBuildFile; fileRef = 77B8E64E29938F5500F81EB2 /* GitHubRepoUITests.swift */; };
		77B8E65129938F5500F81EB2 /* GitHubRepoUITestsLaunchTests.swift in Sources */ = {isa = PBXBuildFile; fileRef = 77B8E65029938F5500F81EB2 /* GitHubRepoUITestsLaunchTests.swift */; };
		D8AC8748436D6770D5EA6227 /* Pods_GitHubRepoTests.framework in Frameworks */ = {isa = PBXBuildFile; fileRef = 38D929B196F376CD3277D7AC /* Pods_GitHubRepoTests.framework */; };
		FD637139B2A672BBE9A382AD /* Pods_GitHubRepo.framework in Frameworks */ = {isa = PBXBuildFile; fileRef = EDEA32125797B692A2E12E19 /* Pods_GitHubRepo.framework */; };
/* End PBXBuildFile section */

/* Begin PBXContainerItemProxy section */
		7780D1792994E16300DB17FB /* PBXContainerItemProxy */ = {
			isa = PBXContainerItemProxy;
			containerPortal = 77B8E62229938F5400F81EB2 /* Project object */;
			proxyType = 1;
			remoteGlobalIDString = 7780D16D2994E16300DB17FB;
			remoteInfo = NetworkKit;
		};
		7780D17B2994E16300DB17FB /* PBXContainerItemProxy */ = {
			isa = PBXContainerItemProxy;
			containerPortal = 77B8E62229938F5400F81EB2 /* Project object */;
			proxyType = 1;
			remoteGlobalIDString = 77B8E62929938F5400F81EB2;
			remoteInfo = GitHubRepo;
		};
		7780D1812994E16300DB17FB /* PBXContainerItemProxy */ = {
			isa = PBXContainerItemProxy;
			containerPortal = 77B8E62229938F5400F81EB2 /* Project object */;
			proxyType = 1;
			remoteGlobalIDString = 7780D16D2994E16300DB17FB;
			remoteInfo = NetworkKit;
		};
		77B8E64129938F5500F81EB2 /* PBXContainerItemProxy */ = {
			isa = PBXContainerItemProxy;
			containerPortal = 77B8E62229938F5400F81EB2 /* Project object */;
			proxyType = 1;
			remoteGlobalIDString = 77B8E62929938F5400F81EB2;
			remoteInfo = GitHubRepo;
		};
		77B8E64B29938F5500F81EB2 /* PBXContainerItemProxy */ = {
			isa = PBXContainerItemProxy;
			containerPortal = 77B8E62229938F5400F81EB2 /* Project object */;
			proxyType = 1;
			remoteGlobalIDString = 77B8E62929938F5400F81EB2;
			remoteInfo = GitHubRepo;
		};
/* End PBXContainerItemProxy section */

/* Begin PBXCopyFilesBuildPhase section */
		7780D1852994E16300DB17FB /* Embed Frameworks */ = {
			isa = PBXCopyFilesBuildPhase;
			buildActionMask = 2147483647;
			dstPath = "";
			dstSubfolderSpec = 10;
			files = (
				7780D1842994E16300DB17FB /* NetworkKit.framework in Embed Frameworks */,
			);
			name = "Embed Frameworks";
			runOnlyForDeploymentPostprocessing = 0;
		};
/* End PBXCopyFilesBuildPhase section */

/* Begin PBXFileReference section */
		018CD2270E8879972D5D1F30 /* Pods_GitHubRepo_GitHubRepoUITests.framework */ = {isa = PBXFileReference; explicitFileType = wrapper.framework; includeInIndex = 0; path = Pods_GitHubRepo_GitHubRepoUITests.framework; sourceTree = BUILT_PRODUCTS_DIR; };
		0401CE2477F9D63152D1754E /* Pods-GitHubRepo.release.xcconfig */ = {isa = PBXFileReference; includeInIndex = 1; lastKnownFileType = text.xcconfig; name = "Pods-GitHubRepo.release.xcconfig"; path = "Target Support Files/Pods-GitHubRepo/Pods-GitHubRepo.release.xcconfig"; sourceTree = "<group>"; };
		20174924A604A9C6A6845B3F /* Pods-NetworkKit.release.xcconfig */ = {isa = PBXFileReference; includeInIndex = 1; lastKnownFileType = text.xcconfig; name = "Pods-NetworkKit.release.xcconfig"; path = "Target Support Files/Pods-NetworkKit/Pods-NetworkKit.release.xcconfig"; sourceTree = "<group>"; };
		38D929B196F376CD3277D7AC /* Pods_GitHubRepoTests.framework */ = {isa = PBXFileReference; explicitFileType = wrapper.framework; includeInIndex = 0; path = Pods_GitHubRepoTests.framework; sourceTree = BUILT_PRODUCTS_DIR; };
		6DA2945A64EB22146B0FD71B /* Pods-NetworkKit.debug.xcconfig */ = {isa = PBXFileReference; includeInIndex = 1; lastKnownFileType = text.xcconfig; name = "Pods-NetworkKit.debug.xcconfig"; path = "Target Support Files/Pods-NetworkKit/Pods-NetworkKit.debug.xcconfig"; sourceTree = "<group>"; };
		71E6B28DF3666EC0EE134526 /* Pods-NetworkKit-NetworkKitTests.debug.xcconfig */ = {isa = PBXFileReference; includeInIndex = 1; lastKnownFileType = text.xcconfig; name = "Pods-NetworkKit-NetworkKitTests.debug.xcconfig"; path = "Target Support Files/Pods-NetworkKit-NetworkKitTests/Pods-NetworkKit-NetworkKitTests.debug.xcconfig"; sourceTree = "<group>"; };
		745FE70AAE3CD484DE2FAD04 /* Pods_NetworkKit_NetworkKitTests.framework */ = {isa = PBXFileReference; explicitFileType = wrapper.framework; includeInIndex = 0; path = Pods_NetworkKit_NetworkKitTests.framework; sourceTree = BUILT_PRODUCTS_DIR; };
		7780D16E2994E16300DB17FB /* NetworkKit.framework */ = {isa = PBXFileReference; explicitFileType = wrapper.framework; includeInIndex = 0; path = NetworkKit.framework; sourceTree = BUILT_PRODUCTS_DIR; };
		7780D1702994E16300DB17FB /* NetworkKit.h */ = {isa = PBXFileReference; lastKnownFileType = sourcecode.c.h; path = NetworkKit.h; sourceTree = "<group>"; };
		7780D1712994E16300DB17FB /* NetworkKit.docc */ = {isa = PBXFileReference; lastKnownFileType = folder.documentationcatalog; path = NetworkKit.docc; sourceTree = "<group>"; };
		7780D1772994E16300DB17FB /* NetworkKitTests.xctest */ = {isa = PBXFileReference; explicitFileType = wrapper.cfbundle; includeInIndex = 0; path = NetworkKitTests.xctest; sourceTree = BUILT_PRODUCTS_DIR; };
		7780D17E2994E16300DB17FB /* NetworkKitTests.swift */ = {isa = PBXFileReference; lastKnownFileType = sourcecode.swift; path = NetworkKitTests.swift; sourceTree = "<group>"; };
		7780D18D2994E6BC00DB17FB /* APIResource.swift */ = {isa = PBXFileReference; lastKnownFileType = sourcecode.swift; path = APIResource.swift; sourceTree = "<group>"; };
		7780D18F2994E7C900DB17FB /* NetworkRequest.swift */ = {isa = PBXFileReference; lastKnownFileType = sourcecode.swift; path = NetworkRequest.swift; sourceTree = "<group>"; };
		7780D1912994EA2800DB17FB /* APIRequest.swift */ = {isa = PBXFileReference; lastKnownFileType = sourcecode.swift; path = APIRequest.swift; sourceTree = "<group>"; };
		7780D1952994F03900DB17FB /* GitHubPullRequest.swift */ = {isa = PBXFileReference; lastKnownFileType = sourcecode.swift; path = GitHubPullRequest.swift; sourceTree = "<group>"; };
		7780D1982994F73600DB17FB /* GitHubPullRequestService.swift */ = {isa = PBXFileReference; lastKnownFileType = sourcecode.swift; path = GitHubPullRequestService.swift; sourceTree = "<group>"; };
		7780D19D2994FD9F00DB17FB /* GitPullRequestViewModel.swift */ = {isa = PBXFileReference; lastKnownFileType = sourcecode.swift; path = GitPullRequestViewModel.swift; sourceTree = "<group>"; };
		7780D1A02995066300DB17FB /* GitHubPullRequestsVC.swift */ = {isa = PBXFileReference; lastKnownFileType = sourcecode.swift; path = GitHubPullRequestsVC.swift; sourceTree = "<group>"; };
		7780D1A4299507C000DB17FB /* NavigationController.swift */ = {isa = PBXFileReference; lastKnownFileType = sourcecode.swift; path = NavigationController.swift; sourceTree = "<group>"; };
		7780D1A629950AE800DB17FB /* PullRequestTableViewDataSource.swift */ = {isa = PBXFileReference; lastKnownFileType = sourcecode.swift; path = PullRequestTableViewDataSource.swift; sourceTree = "<group>"; };
		7780D1A829950CEB00DB17FB /* PullRequestTableViewCell.swift */ = {isa = PBXFileReference; lastKnownFileType = sourcecode.swift; path = PullRequestTableViewCell.swift; sourceTree = "<group>"; };
		7780D1AA29954D1200DB17FB /* ServiceManager.swift */ = {isa = PBXFileReference; lastKnownFileType = sourcecode.swift; path = ServiceManager.swift; sourceTree = "<group>"; };
		77B8E62A29938F5400F81EB2 /* GitHubRepo.app */ = {isa = PBXFileReference; explicitFileType = wrapper.application; includeInIndex = 0; path = GitHubRepo.app; sourceTree = BUILT_PRODUCTS_DIR; };
		77B8E62D29938F5400F81EB2 /* AppDelegate.swift */ = {isa = PBXFileReference; lastKnownFileType = sourcecode.swift; path = AppDelegate.swift; sourceTree = "<group>"; };
		77B8E63129938F5400F81EB2 /* ViewController.swift */ = {isa = PBXFileReference; lastKnownFileType = sourcecode.swift; path = ViewController.swift; sourceTree = "<group>"; };
		77B8E63429938F5400F81EB2 /* Base */ = {isa = PBXFileReference; lastKnownFileType = file.storyboard; name = Base; path = Base.lproj/Main.storyboard; sourceTree = "<group>"; };
		77B8E63629938F5500F81EB2 /* Assets.xcassets */ = {isa = PBXFileReference; lastKnownFileType = folder.assetcatalog; path = Assets.xcassets; sourceTree = "<group>"; };
		77B8E63929938F5500F81EB2 /* Base */ = {isa = PBXFileReference; lastKnownFileType = file.storyboard; name = Base; path = Base.lproj/LaunchScreen.storyboard; sourceTree = "<group>"; };
		77B8E63B29938F5500F81EB2 /* Info.plist */ = {isa = PBXFileReference; lastKnownFileType = text.plist.xml; path = Info.plist; sourceTree = "<group>"; };
		77B8E64029938F5500F81EB2 /* GitHubRepoTests.xctest */ = {isa = PBXFileReference; explicitFileType = wrapper.cfbundle; includeInIndex = 0; path = GitHubRepoTests.xctest; sourceTree = BUILT_PRODUCTS_DIR; };
		77B8E64429938F5500F81EB2 /* GitHubRepoTests.swift */ = {isa = PBXFileReference; lastKnownFileType = sourcecode.swift; path = GitHubRepoTests.swift; sourceTree = "<group>"; };
		77B8E64A29938F5500F81EB2 /* GitHubRepoUITests.xctest */ = {isa = PBXFileReference; explicitFileType = wrapper.cfbundle; includeInIndex = 0; path = GitHubRepoUITests.xctest; sourceTree = BUILT_PRODUCTS_DIR; };
		77B8E64E29938F5500F81EB2 /* GitHubRepoUITests.swift */ = {isa = PBXFileReference; lastKnownFileType = sourcecode.swift; path = GitHubRepoUITests.swift; sourceTree = "<group>"; };
		77B8E65029938F5500F81EB2 /* GitHubRepoUITestsLaunchTests.swift */ = {isa = PBXFileReference; lastKnownFileType = sourcecode.swift; path = GitHubRepoUITestsLaunchTests.swift; sourceTree = "<group>"; };
		7837A460951AF2565736AAAB /* Pods-GitHubRepo.debug.xcconfig */ = {isa = PBXFileReference; includeInIndex = 1; lastKnownFileType = text.xcconfig; name = "Pods-GitHubRepo.debug.xcconfig"; path = "Target Support Files/Pods-GitHubRepo/Pods-GitHubRepo.debug.xcconfig"; sourceTree = "<group>"; };
		AB14693BDF0D5C482FF1CA43 /* Pods-GitHubRepo-GitHubRepoUITests.release.xcconfig */ = {isa = PBXFileReference; includeInIndex = 1; lastKnownFileType = text.xcconfig; name = "Pods-GitHubRepo-GitHubRepoUITests.release.xcconfig"; path = "Target Support Files/Pods-GitHubRepo-GitHubRepoUITests/Pods-GitHubRepo-GitHubRepoUITests.release.xcconfig"; sourceTree = "<group>"; };
		AD53A693B306429D72CAAB2F /* Pods-GitHubRepoTests.release.xcconfig */ = {isa = PBXFileReference; includeInIndex = 1; lastKnownFileType = text.xcconfig; name = "Pods-GitHubRepoTests.release.xcconfig"; path = "Target Support Files/Pods-GitHubRepoTests/Pods-GitHubRepoTests.release.xcconfig"; sourceTree = "<group>"; };
		B935ECEE77D6568D95D9280B /* Pods-NetworkKit-NetworkKitTests.release.xcconfig */ = {isa = PBXFileReference; includeInIndex = 1; lastKnownFileType = text.xcconfig; name = "Pods-NetworkKit-NetworkKitTests.release.xcconfig"; path = "Target Support Files/Pods-NetworkKit-NetworkKitTests/Pods-NetworkKit-NetworkKitTests.release.xcconfig"; sourceTree = "<group>"; };
		D3D1AE0F3205A9CCF7EEBE7C /* Pods-GitHubRepoTests.debug.xcconfig */ = {isa = PBXFileReference; includeInIndex = 1; lastKnownFileType = text.xcconfig; name = "Pods-GitHubRepoTests.debug.xcconfig"; path = "Target Support Files/Pods-GitHubRepoTests/Pods-GitHubRepoTests.debug.xcconfig"; sourceTree = "<group>"; };
		D77DCEDDA0DFF6E8D367964F /* Pods-GitHubRepo-GitHubRepoUITests.debug.xcconfig */ = {isa = PBXFileReference; includeInIndex = 1; lastKnownFileType = text.xcconfig; name = "Pods-GitHubRepo-GitHubRepoUITests.debug.xcconfig"; path = "Target Support Files/Pods-GitHubRepo-GitHubRepoUITests/Pods-GitHubRepo-GitHubRepoUITests.debug.xcconfig"; sourceTree = "<group>"; };
		EDEA32125797B692A2E12E19 /* Pods_GitHubRepo.framework */ = {isa = PBXFileReference; explicitFileType = wrapper.framework; includeInIndex = 0; path = Pods_GitHubRepo.framework; sourceTree = BUILT_PRODUCTS_DIR; };
		F0565913B56C77F204615E89 /* Pods_NetworkKit.framework */ = {isa = PBXFileReference; explicitFileType = wrapper.framework; includeInIndex = 0; path = Pods_NetworkKit.framework; sourceTree = BUILT_PRODUCTS_DIR; };
/* End PBXFileReference section */

/* Begin PBXFrameworksBuildPhase section */
		7780D16B2994E16300DB17FB /* Frameworks */ = {
			isa = PBXFrameworksBuildPhase;
			buildActionMask = 2147483647;
			files = (
				507ED7CDCE88B0145649D271 /* Pods_NetworkKit.framework in Frameworks */,
			);
			runOnlyForDeploymentPostprocessing = 0;
		};
		7780D1742994E16300DB17FB /* Frameworks */ = {
			isa = PBXFrameworksBuildPhase;
			buildActionMask = 2147483647;
			files = (
				7780D1782994E16300DB17FB /* NetworkKit.framework in Frameworks */,
				5481080FF535895877C6AD88 /* Pods_NetworkKit_NetworkKitTests.framework in Frameworks */,
			);
			runOnlyForDeploymentPostprocessing = 0;
		};
		77B8E62729938F5400F81EB2 /* Frameworks */ = {
			isa = PBXFrameworksBuildPhase;
			buildActionMask = 2147483647;
			files = (
				7780D1832994E16300DB17FB /* NetworkKit.framework in Frameworks */,
				FD637139B2A672BBE9A382AD /* Pods_GitHubRepo.framework in Frameworks */,
			);
			runOnlyForDeploymentPostprocessing = 0;
		};
		77B8E63D29938F5500F81EB2 /* Frameworks */ = {
			isa = PBXFrameworksBuildPhase;
			buildActionMask = 2147483647;
			files = (
				D8AC8748436D6770D5EA6227 /* Pods_GitHubRepoTests.framework in Frameworks */,
			);
			runOnlyForDeploymentPostprocessing = 0;
		};
		77B8E64729938F5500F81EB2 /* Frameworks */ = {
			isa = PBXFrameworksBuildPhase;
			buildActionMask = 2147483647;
			files = (
				55C0971F0B65A0E65BC8FC79 /* Pods_GitHubRepo_GitHubRepoUITests.framework in Frameworks */,
			);
			runOnlyForDeploymentPostprocessing = 0;
		};
/* End PBXFrameworksBuildPhase section */

/* Begin PBXGroup section */
		2E8FE87E2C1FA751EE24C074 /* Pods */ = {
			isa = PBXGroup;
			children = (
				7837A460951AF2565736AAAB /* Pods-GitHubRepo.debug.xcconfig */,
				0401CE2477F9D63152D1754E /* Pods-GitHubRepo.release.xcconfig */,
				D77DCEDDA0DFF6E8D367964F /* Pods-GitHubRepo-GitHubRepoUITests.debug.xcconfig */,
				AB14693BDF0D5C482FF1CA43 /* Pods-GitHubRepo-GitHubRepoUITests.release.xcconfig */,
				D3D1AE0F3205A9CCF7EEBE7C /* Pods-GitHubRepoTests.debug.xcconfig */,
				AD53A693B306429D72CAAB2F /* Pods-GitHubRepoTests.release.xcconfig */,
				6DA2945A64EB22146B0FD71B /* Pods-NetworkKit.debug.xcconfig */,
				20174924A604A9C6A6845B3F /* Pods-NetworkKit.release.xcconfig */,
				71E6B28DF3666EC0EE134526 /* Pods-NetworkKit-NetworkKitTests.debug.xcconfig */,
				B935ECEE77D6568D95D9280B /* Pods-NetworkKit-NetworkKitTests.release.xcconfig */,
			);
			path = Pods;
			sourceTree = "<group>";
		};
		7780D16F2994E16300DB17FB /* NetworkKit */ = {
			isa = PBXGroup;
			children = (
				7780D18C2994E69D00DB17FB /* Resources */,
				7780D1702994E16300DB17FB /* NetworkKit.h */,
				7780D1712994E16300DB17FB /* NetworkKit.docc */,
			);
			path = NetworkKit;
			sourceTree = "<group>";
		};
		7780D17D2994E16300DB17FB /* NetworkKitTests */ = {
			isa = PBXGroup;
			children = (
				7780D17E2994E16300DB17FB /* NetworkKitTests.swift */,
			);
			path = NetworkKitTests;
			sourceTree = "<group>";
		};
		7780D18C2994E69D00DB17FB /* Resources */ = {
			isa = PBXGroup;
			children = (
				7780D18D2994E6BC00DB17FB /* APIResource.swift */,
				7780D18F2994E7C900DB17FB /* NetworkRequest.swift */,
				7780D1912994EA2800DB17FB /* APIRequest.swift */,
			);
			path = Resources;
			sourceTree = "<group>";
		};
		7780D1932994EFF700DB17FB /* Network */ = {
			isa = PBXGroup;
			children = (
				7780D1972994F71A00DB17FB /* APIService */,
				7780D1942994F00300DB17FB /* APIModel */,
			);
			path = Network;
			sourceTree = "<group>";
		};
		7780D1942994F00300DB17FB /* APIModel */ = {
			isa = PBXGroup;
			children = (
				7780D1952994F03900DB17FB /* GitHubPullRequest.swift */,
			);
			path = APIModel;
			sourceTree = "<group>";
		};
		7780D1972994F71A00DB17FB /* APIService */ = {
			isa = PBXGroup;
			children = (
				7780D1982994F73600DB17FB /* GitHubPullRequestService.swift */,
			);
			path = APIService;
			sourceTree = "<group>";
		};
		7780D19A2994FD4E00DB17FB /* Features */ = {
			isa = PBXGroup;
			children = (
				7780D19B2994FD6F00DB17FB /* PullRequestList */,
			);
			path = Features;
			sourceTree = "<group>";
		};
		7780D19B2994FD6F00DB17FB /* PullRequestList */ = {
			isa = PBXGroup;
			children = (
				7780D19F2995061700DB17FB /* Views */,
				7780D19C2994FD7E00DB17FB /* ViewModel */,
				7780D1A02995066300DB17FB /* GitHubPullRequestsVC.swift */,
				7780D1AA29954D1200DB17FB /* ServiceManager.swift */,
			);
			path = PullRequestList;
			sourceTree = "<group>";
		};
		7780D19C2994FD7E00DB17FB /* ViewModel */ = {
			isa = PBXGroup;
			children = (
				7780D19D2994FD9F00DB17FB /* GitPullRequestViewModel.swift */,
			);
			path = ViewModel;
			sourceTree = "<group>";
		};
		7780D19F2995061700DB17FB /* Views */ = {
			isa = PBXGroup;
			children = (
				7780D1A629950AE800DB17FB /* PullRequestTableViewDataSource.swift */,
				7780D1A829950CEB00DB17FB /* PullRequestTableViewCell.swift */,
			);
			path = Views;
			sourceTree = "<group>";
		};
		7780D1A22995070900DB17FB /* Utilities */ = {
			isa = PBXGroup;
			children = (
				7780D1A4299507C000DB17FB /* NavigationController.swift */,
			);
			path = Utilities;
			sourceTree = "<group>";
		};
		77B8E62129938F5400F81EB2 = {
			isa = PBXGroup;
			children = (
				77B8E62C29938F5400F81EB2 /* GitHubRepo */,
				77B8E64329938F5500F81EB2 /* GitHubRepoTests */,
				77B8E64D29938F5500F81EB2 /* GitHubRepoUITests */,
				7780D16F2994E16300DB17FB /* NetworkKit */,
				7780D17D2994E16300DB17FB /* NetworkKitTests */,
				77B8E62B29938F5400F81EB2 /* Products */,
				2E8FE87E2C1FA751EE24C074 /* Pods */,
				A6F6E0808C36A8F587121E0A /* Frameworks */,
			);
			sourceTree = "<group>";
		};
		77B8E62B29938F5400F81EB2 /* Products */ = {
			isa = PBXGroup;
			children = (
				77B8E62A29938F5400F81EB2 /* GitHubRepo.app */,
				77B8E64029938F5500F81EB2 /* GitHubRepoTests.xctest */,
				77B8E64A29938F5500F81EB2 /* GitHubRepoUITests.xctest */,
				7780D16E2994E16300DB17FB /* NetworkKit.framework */,
				7780D1772994E16300DB17FB /* NetworkKitTests.xctest */,
			);
			name = Products;
			sourceTree = "<group>";
		};
		77B8E62C29938F5400F81EB2 /* GitHubRepo */ = {
			isa = PBXGroup;
			children = (
				7780D1A22995070900DB17FB /* Utilities */,
				7780D19A2994FD4E00DB17FB /* Features */,
				7780D1932994EFF700DB17FB /* Network */,
				77B8E62D29938F5400F81EB2 /* AppDelegate.swift */,
				77B8E63129938F5400F81EB2 /* ViewController.swift */,
				77B8E63329938F5400F81EB2 /* Main.storyboard */,
				77B8E63629938F5500F81EB2 /* Assets.xcassets */,
				77B8E63829938F5500F81EB2 /* LaunchScreen.storyboard */,
				77B8E63B29938F5500F81EB2 /* Info.plist */,
			);
			path = GitHubRepo;
			sourceTree = "<group>";
		};
		77B8E64329938F5500F81EB2 /* GitHubRepoTests */ = {
			isa = PBXGroup;
			children = (
				77B8E64429938F5500F81EB2 /* GitHubRepoTests.swift */,
			);
			path = GitHubRepoTests;
			sourceTree = "<group>";
		};
		77B8E64D29938F5500F81EB2 /* GitHubRepoUITests */ = {
			isa = PBXGroup;
			children = (
				77B8E64E29938F5500F81EB2 /* GitHubRepoUITests.swift */,
				77B8E65029938F5500F81EB2 /* GitHubRepoUITestsLaunchTests.swift */,
			);
			path = GitHubRepoUITests;
			sourceTree = "<group>";
		};
		A6F6E0808C36A8F587121E0A /* Frameworks */ = {
			isa = PBXGroup;
			children = (
				EDEA32125797B692A2E12E19 /* Pods_GitHubRepo.framework */,
				018CD2270E8879972D5D1F30 /* Pods_GitHubRepo_GitHubRepoUITests.framework */,
				38D929B196F376CD3277D7AC /* Pods_GitHubRepoTests.framework */,
				F0565913B56C77F204615E89 /* Pods_NetworkKit.framework */,
				745FE70AAE3CD484DE2FAD04 /* Pods_NetworkKit_NetworkKitTests.framework */,
			);
			name = Frameworks;
			sourceTree = "<group>";
		};
/* End PBXGroup section */

/* Begin PBXHeadersBuildPhase section */
		7780D1692994E16300DB17FB /* Headers */ = {
			isa = PBXHeadersBuildPhase;
			buildActionMask = 2147483647;
			files = (
				7780D1802994E16300DB17FB /* NetworkKit.h in Headers */,
			);
			runOnlyForDeploymentPostprocessing = 0;
		};
/* End PBXHeadersBuildPhase section */

/* Begin PBXNativeTarget section */
		7780D16D2994E16300DB17FB /* NetworkKit */ = {
			isa = PBXNativeTarget;
			buildConfigurationList = 7780D18A2994E16300DB17FB /* Build configuration list for PBXNativeTarget "NetworkKit" */;
			buildPhases = (
				7A6BC27FA55DB11C7F4284DA /* [CP] Check Pods Manifest.lock */,
				7780D1692994E16300DB17FB /* Headers */,
				7780D16A2994E16300DB17FB /* Sources */,
				7780D16B2994E16300DB17FB /* Frameworks */,
				7780D16C2994E16300DB17FB /* Resources */,
			);
			buildRules = (
			);
			dependencies = (
			);
			name = NetworkKit;
			productName = NetworkKit;
			productReference = 7780D16E2994E16300DB17FB /* NetworkKit.framework */;
			productType = "com.apple.product-type.framework";
		};
		7780D1762994E16300DB17FB /* NetworkKitTests */ = {
			isa = PBXNativeTarget;
			buildConfigurationList = 7780D18B2994E16300DB17FB /* Build configuration list for PBXNativeTarget "NetworkKitTests" */;
			buildPhases = (
				C2FB05827AD6364990862663 /* [CP] Check Pods Manifest.lock */,
				7780D1732994E16300DB17FB /* Sources */,
				7780D1742994E16300DB17FB /* Frameworks */,
				7780D1752994E16300DB17FB /* Resources */,
				8E9D1F3078377C3B5EA5162B /* [CP] Embed Pods Frameworks */,
			);
			buildRules = (
			);
			dependencies = (
				7780D17A2994E16300DB17FB /* PBXTargetDependency */,
				7780D17C2994E16300DB17FB /* PBXTargetDependency */,
			);
			name = NetworkKitTests;
			productName = NetworkKitTests;
			productReference = 7780D1772994E16300DB17FB /* NetworkKitTests.xctest */;
			productType = "com.apple.product-type.bundle.unit-test";
		};
		77B8E62929938F5400F81EB2 /* GitHubRepo */ = {
			isa = PBXNativeTarget;
			buildConfigurationList = 77B8E65429938F5500F81EB2 /* Build configuration list for PBXNativeTarget "GitHubRepo" */;
			buildPhases = (
				DC9E695E149F0FB9F6A48FD6 /* [CP] Check Pods Manifest.lock */,
				77B8E62629938F5400F81EB2 /* Sources */,
				77B8E62729938F5400F81EB2 /* Frameworks */,
				77B8E62829938F5400F81EB2 /* Resources */,
				7780D1852994E16300DB17FB /* Embed Frameworks */,
				A9F755C1989FC5127745BC44 /* [CP] Embed Pods Frameworks */,
			);
			buildRules = (
			);
			dependencies = (
				7780D1822994E16300DB17FB /* PBXTargetDependency */,
			);
			name = GitHubRepo;
			productName = GitHubRepo;
			productReference = 77B8E62A29938F5400F81EB2 /* GitHubRepo.app */;
			productType = "com.apple.product-type.application";
		};
		77B8E63F29938F5500F81EB2 /* GitHubRepoTests */ = {
			isa = PBXNativeTarget;
			buildConfigurationList = 77B8E65729938F5500F81EB2 /* Build configuration list for PBXNativeTarget "GitHubRepoTests" */;
			buildPhases = (
				526608343A6C83B2D91F082F /* [CP] Check Pods Manifest.lock */,
				77B8E63C29938F5500F81EB2 /* Sources */,
				77B8E63D29938F5500F81EB2 /* Frameworks */,
				77B8E63E29938F5500F81EB2 /* Resources */,
			);
			buildRules = (
			);
			dependencies = (
				77B8E64229938F5500F81EB2 /* PBXTargetDependency */,
			);
			name = GitHubRepoTests;
			productName = GitHubRepoTests;
			productReference = 77B8E64029938F5500F81EB2 /* GitHubRepoTests.xctest */;
			productType = "com.apple.product-type.bundle.unit-test";
		};
		77B8E64929938F5500F81EB2 /* GitHubRepoUITests */ = {
			isa = PBXNativeTarget;
			buildConfigurationList = 77B8E65A29938F5500F81EB2 /* Build configuration list for PBXNativeTarget "GitHubRepoUITests" */;
			buildPhases = (
				F5BC2AD33717163AB57F30A7 /* [CP] Check Pods Manifest.lock */,
				77B8E64629938F5500F81EB2 /* Sources */,
				77B8E64729938F5500F81EB2 /* Frameworks */,
				77B8E64829938F5500F81EB2 /* Resources */,
			);
			buildRules = (
			);
			dependencies = (
				77B8E64C29938F5500F81EB2 /* PBXTargetDependency */,
			);
			name = GitHubRepoUITests;
			productName = GitHubRepoUITests;
			productReference = 77B8E64A29938F5500F81EB2 /* GitHubRepoUITests.xctest */;
			productType = "com.apple.product-type.bundle.ui-testing";
		};
/* End PBXNativeTarget section */

/* Begin PBXProject section */
		77B8E62229938F5400F81EB2 /* Project object */ = {
			isa = PBXProject;
			attributes = {
				BuildIndependentTargetsInParallel = 1;
				LastSwiftUpdateCheck = 1420;
				LastUpgradeCheck = 1420;
				TargetAttributes = {
					7780D16D2994E16300DB17FB = {
						CreatedOnToolsVersion = 14.2;
					};
					7780D1762994E16300DB17FB = {
						CreatedOnToolsVersion = 14.2;
						TestTargetID = 77B8E62929938F5400F81EB2;
					};
					77B8E62929938F5400F81EB2 = {
						CreatedOnToolsVersion = 14.2;
					};
					77B8E63F29938F5500F81EB2 = {
						CreatedOnToolsVersion = 14.2;
						TestTargetID = 77B8E62929938F5400F81EB2;
					};
					77B8E64929938F5500F81EB2 = {
						CreatedOnToolsVersion = 14.2;
						TestTargetID = 77B8E62929938F5400F81EB2;
					};
				};
			};
			buildConfigurationList = 77B8E62529938F5400F81EB2 /* Build configuration list for PBXProject "GitHubRepo" */;
			compatibilityVersion = "Xcode 14.0";
			developmentRegion = en;
			hasScannedForEncodings = 0;
			knownRegions = (
				en,
				Base,
			);
			mainGroup = 77B8E62129938F5400F81EB2;
			productRefGroup = 77B8E62B29938F5400F81EB2 /* Products */;
			projectDirPath = "";
			projectRoot = "";
			targets = (
				77B8E62929938F5400F81EB2 /* GitHubRepo */,
				77B8E63F29938F5500F81EB2 /* GitHubRepoTests */,
				77B8E64929938F5500F81EB2 /* GitHubRepoUITests */,
				7780D16D2994E16300DB17FB /* NetworkKit */,
				7780D1762994E16300DB17FB /* NetworkKitTests */,
			);
		};
/* End PBXProject section */

/* Begin PBXResourcesBuildPhase section */
		7780D16C2994E16300DB17FB /* Resources */ = {
			isa = PBXResourcesBuildPhase;
			buildActionMask = 2147483647;
			files = (
			);
			runOnlyForDeploymentPostprocessing = 0;
		};
		7780D1752994E16300DB17FB /* Resources */ = {
			isa = PBXResourcesBuildPhase;
			buildActionMask = 2147483647;
			files = (
			);
			runOnlyForDeploymentPostprocessing = 0;
		};
		77B8E62829938F5400F81EB2 /* Resources */ = {
			isa = PBXResourcesBuildPhase;
			buildActionMask = 2147483647;
			files = (
				77B8E63A29938F5500F81EB2 /* LaunchScreen.storyboard in Resources */,
				77B8E63729938F5500F81EB2 /* Assets.xcassets in Resources */,
				77B8E63529938F5400F81EB2 /* Main.storyboard in Resources */,
			);
			runOnlyForDeploymentPostprocessing = 0;
		};
		77B8E63E29938F5500F81EB2 /* Resources */ = {
			isa = PBXResourcesBuildPhase;
			buildActionMask = 2147483647;
			files = (
			);
			runOnlyForDeploymentPostprocessing = 0;
		};
		77B8E64829938F5500F81EB2 /* Resources */ = {
			isa = PBXResourcesBuildPhase;
			buildActionMask = 2147483647;
			files = (
			);
			runOnlyForDeploymentPostprocessing = 0;
		};
/* End PBXResourcesBuildPhase section */

/* Begin PBXShellScriptBuildPhase section */
		526608343A6C83B2D91F082F /* [CP] Check Pods Manifest.lock */ = {
			isa = PBXShellScriptBuildPhase;
			buildActionMask = 2147483647;
			files = (
			);
			inputFileListPaths = (
			);
			inputPaths = (
				"${PODS_PODFILE_DIR_PATH}/Podfile.lock",
				"${PODS_ROOT}/Manifest.lock",
			);
			name = "[CP] Check Pods Manifest.lock";
			outputFileListPaths = (
			);
			outputPaths = (
				"$(DERIVED_FILE_DIR)/Pods-GitHubRepoTests-checkManifestLockResult.txt",
			);
			runOnlyForDeploymentPostprocessing = 0;
			shellPath = /bin/sh;
			shellScript = "diff \"${PODS_PODFILE_DIR_PATH}/Podfile.lock\" \"${PODS_ROOT}/Manifest.lock\" > /dev/null\nif [ $? != 0 ] ; then\n    # print error to STDERR\n    echo \"error: The sandbox is not in sync with the Podfile.lock. Run 'pod install' or update your CocoaPods installation.\" >&2\n    exit 1\nfi\n# This output is used by Xcode 'outputs' to avoid re-running this script phase.\necho \"SUCCESS\" > \"${SCRIPT_OUTPUT_FILE_0}\"\n";
			showEnvVarsInLog = 0;
		};
		7A6BC27FA55DB11C7F4284DA /* [CP] Check Pods Manifest.lock */ = {
			isa = PBXShellScriptBuildPhase;
			buildActionMask = 2147483647;
			files = (
			);
			inputFileListPaths = (
			);
			inputPaths = (
				"${PODS_PODFILE_DIR_PATH}/Podfile.lock",
				"${PODS_ROOT}/Manifest.lock",
			);
			name = "[CP] Check Pods Manifest.lock";
			outputFileListPaths = (
			);
			outputPaths = (
				"$(DERIVED_FILE_DIR)/Pods-NetworkKit-checkManifestLockResult.txt",
			);
			runOnlyForDeploymentPostprocessing = 0;
			shellPath = /bin/sh;
			shellScript = "diff \"${PODS_PODFILE_DIR_PATH}/Podfile.lock\" \"${PODS_ROOT}/Manifest.lock\" > /dev/null\nif [ $? != 0 ] ; then\n    # print error to STDERR\n    echo \"error: The sandbox is not in sync with the Podfile.lock. Run 'pod install' or update your CocoaPods installation.\" >&2\n    exit 1\nfi\n# This output is used by Xcode 'outputs' to avoid re-running this script phase.\necho \"SUCCESS\" > \"${SCRIPT_OUTPUT_FILE_0}\"\n";
			showEnvVarsInLog = 0;
		};
		8E9D1F3078377C3B5EA5162B /* [CP] Embed Pods Frameworks */ = {
			isa = PBXShellScriptBuildPhase;
			buildActionMask = 2147483647;
			files = (
			);
			inputFileListPaths = (
				"${PODS_ROOT}/Target Support Files/Pods-NetworkKit-NetworkKitTests/Pods-NetworkKit-NetworkKitTests-frameworks-${CONFIGURATION}-input-files.xcfilelist",
			);
			name = "[CP] Embed Pods Frameworks";
			outputFileListPaths = (
				"${PODS_ROOT}/Target Support Files/Pods-NetworkKit-NetworkKitTests/Pods-NetworkKit-NetworkKitTests-frameworks-${CONFIGURATION}-output-files.xcfilelist",
			);
			runOnlyForDeploymentPostprocessing = 0;
			shellPath = /bin/sh;
			shellScript = "\"${PODS_ROOT}/Target Support Files/Pods-NetworkKit-NetworkKitTests/Pods-NetworkKit-NetworkKitTests-frameworks.sh\"\n";
			showEnvVarsInLog = 0;
		};
		A9F755C1989FC5127745BC44 /* [CP] Embed Pods Frameworks */ = {
			isa = PBXShellScriptBuildPhase;
			buildActionMask = 2147483647;
			files = (
			);
			inputFileListPaths = (
				"${PODS_ROOT}/Target Support Files/Pods-GitHubRepo/Pods-GitHubRepo-frameworks-${CONFIGURATION}-input-files.xcfilelist",
			);
			name = "[CP] Embed Pods Frameworks";
			outputFileListPaths = (
				"${PODS_ROOT}/Target Support Files/Pods-GitHubRepo/Pods-GitHubRepo-frameworks-${CONFIGURATION}-output-files.xcfilelist",
			);
			runOnlyForDeploymentPostprocessing = 0;
			shellPath = /bin/sh;
			shellScript = "\"${PODS_ROOT}/Target Support Files/Pods-GitHubRepo/Pods-GitHubRepo-frameworks.sh\"\n";
			showEnvVarsInLog = 0;
		};
		C2FB05827AD6364990862663 /* [CP] Check Pods Manifest.lock */ = {
			isa = PBXShellScriptBuildPhase;
			buildActionMask = 2147483647;
			files = (
			);
			inputFileListPaths = (
			);
			inputPaths = (
				"${PODS_PODFILE_DIR_PATH}/Podfile.lock",
				"${PODS_ROOT}/Manifest.lock",
			);
			name = "[CP] Check Pods Manifest.lock";
			outputFileListPaths = (
			);
			outputPaths = (
				"$(DERIVED_FILE_DIR)/Pods-NetworkKit-NetworkKitTests-checkManifestLockResult.txt",
			);
			runOnlyForDeploymentPostprocessing = 0;
			shellPath = /bin/sh;
			shellScript = "diff \"${PODS_PODFILE_DIR_PATH}/Podfile.lock\" \"${PODS_ROOT}/Manifest.lock\" > /dev/null\nif [ $? != 0 ] ; then\n    # print error to STDERR\n    echo \"error: The sandbox is not in sync with the Podfile.lock. Run 'pod install' or update your CocoaPods installation.\" >&2\n    exit 1\nfi\n# This output is used by Xcode 'outputs' to avoid re-running this script phase.\necho \"SUCCESS\" > \"${SCRIPT_OUTPUT_FILE_0}\"\n";
			showEnvVarsInLog = 0;
		};
		DC9E695E149F0FB9F6A48FD6 /* [CP] Check Pods Manifest.lock */ = {
			isa = PBXShellScriptBuildPhase;
			buildActionMask = 2147483647;
			files = (
			);
			inputFileListPaths = (
			);
			inputPaths = (
				"${PODS_PODFILE_DIR_PATH}/Podfile.lock",
				"${PODS_ROOT}/Manifest.lock",
			);
			name = "[CP] Check Pods Manifest.lock";
			outputFileListPaths = (
			);
			outputPaths = (
				"$(DERIVED_FILE_DIR)/Pods-GitHubRepo-checkManifestLockResult.txt",
			);
			runOnlyForDeploymentPostprocessing = 0;
			shellPath = /bin/sh;
			shellScript = "diff \"${PODS_PODFILE_DIR_PATH}/Podfile.lock\" \"${PODS_ROOT}/Manifest.lock\" > /dev/null\nif [ $? != 0 ] ; then\n    # print error to STDERR\n    echo \"error: The sandbox is not in sync with the Podfile.lock. Run 'pod install' or update your CocoaPods installation.\" >&2\n    exit 1\nfi\n# This output is used by Xcode 'outputs' to avoid re-running this script phase.\necho \"SUCCESS\" > \"${SCRIPT_OUTPUT_FILE_0}\"\n";
			showEnvVarsInLog = 0;
		};
		F5BC2AD33717163AB57F30A7 /* [CP] Check Pods Manifest.lock */ = {
			isa = PBXShellScriptBuildPhase;
			buildActionMask = 2147483647;
			files = (
			);
			inputFileListPaths = (
			);
			inputPaths = (
				"${PODS_PODFILE_DIR_PATH}/Podfile.lock",
				"${PODS_ROOT}/Manifest.lock",
			);
			name = "[CP] Check Pods Manifest.lock";
			outputFileListPaths = (
			);
			outputPaths = (
				"$(DERIVED_FILE_DIR)/Pods-GitHubRepo-GitHubRepoUITests-checkManifestLockResult.txt",
			);
			runOnlyForDeploymentPostprocessing = 0;
			shellPath = /bin/sh;
			shellScript = "diff \"${PODS_PODFILE_DIR_PATH}/Podfile.lock\" \"${PODS_ROOT}/Manifest.lock\" > /dev/null\nif [ $? != 0 ] ; then\n    # print error to STDERR\n    echo \"error: The sandbox is not in sync with the Podfile.lock. Run 'pod install' or update your CocoaPods installation.\" >&2\n    exit 1\nfi\n# This output is used by Xcode 'outputs' to avoid re-running this script phase.\necho \"SUCCESS\" > \"${SCRIPT_OUTPUT_FILE_0}\"\n";
			showEnvVarsInLog = 0;
		};
/* End PBXShellScriptBuildPhase section */

/* Begin PBXSourcesBuildPhase section */
		7780D16A2994E16300DB17FB /* Sources */ = {
			isa = PBXSourcesBuildPhase;
			buildActionMask = 2147483647;
			files = (
				7780D18E2994E6BC00DB17FB /* APIResource.swift in Sources */,
				7780D1902994E7C900DB17FB /* NetworkRequest.swift in Sources */,
				7780D1922994EA2800DB17FB /* APIRequest.swift in Sources */,
				7780D1722994E16300DB17FB /* NetworkKit.docc in Sources */,
			);
			runOnlyForDeploymentPostprocessing = 0;
		};
		7780D1732994E16300DB17FB /* Sources */ = {
			isa = PBXSourcesBuildPhase;
			buildActionMask = 2147483647;
			files = (
				7780D17F2994E16300DB17FB /* NetworkKitTests.swift in Sources */,
			);
			runOnlyForDeploymentPostprocessing = 0;
		};
		77B8E62629938F5400F81EB2 /* Sources */ = {
			isa = PBXSourcesBuildPhase;
			buildActionMask = 2147483647;
			files = (
				7780D19E2994FD9F00DB17FB /* GitPullRequestViewModel.swift in Sources */,
				77B8E63229938F5400F81EB2 /* ViewController.swift in Sources */,
				7780D1962994F03900DB17FB /* GitHubPullRequest.swift in Sources */,
				7780D1A729950AE800DB17FB /* PullRequestTableViewDataSource.swift in Sources */,
				77B8E62E29938F5400F81EB2 /* AppDelegate.swift in Sources */,
				7780D1A12995066300DB17FB /* GitHubPullRequestsVC.swift in Sources */,
				7780D1A929950CEB00DB17FB /* PullRequestTableViewCell.swift in Sources */,
				7780D1A5299507C000DB17FB /* NavigationController.swift in Sources */,
				7780D1992994F73600DB17FB /* GitHubPullRequestService.swift in Sources */,
				7780D1AB29954D1200DB17FB /* ServiceManager.swift in Sources */,
			);
			runOnlyForDeploymentPostprocessing = 0;
		};
		77B8E63C29938F5500F81EB2 /* Sources */ = {
			isa = PBXSourcesBuildPhase;
			buildActionMask = 2147483647;
			files = (
				77B8E64529938F5500F81EB2 /* GitHubRepoTests.swift in Sources */,
			);
			runOnlyForDeploymentPostprocessing = 0;
		};
		77B8E64629938F5500F81EB2 /* Sources */ = {
			isa = PBXSourcesBuildPhase;
			buildActionMask = 2147483647;
			files = (
				77B8E64F29938F5500F81EB2 /* GitHubRepoUITests.swift in Sources */,
				77B8E65129938F5500F81EB2 /* GitHubRepoUITestsLaunchTests.swift in Sources */,
			);
			runOnlyForDeploymentPostprocessing = 0;
		};
/* End PBXSourcesBuildPhase section */

/* Begin PBXTargetDependency section */
		7780D17A2994E16300DB17FB /* PBXTargetDependency */ = {
			isa = PBXTargetDependency;
			target = 7780D16D2994E16300DB17FB /* NetworkKit */;
			targetProxy = 7780D1792994E16300DB17FB /* PBXContainerItemProxy */;
		};
		7780D17C2994E16300DB17FB /* PBXTargetDependency */ = {
			isa = PBXTargetDependency;
			target = 77B8E62929938F5400F81EB2 /* GitHubRepo */;
			targetProxy = 7780D17B2994E16300DB17FB /* PBXContainerItemProxy */;
		};
		7780D1822994E16300DB17FB /* PBXTargetDependency */ = {
			isa = PBXTargetDependency;
			target = 7780D16D2994E16300DB17FB /* NetworkKit */;
			targetProxy = 7780D1812994E16300DB17FB /* PBXContainerItemProxy */;
		};
		77B8E64229938F5500F81EB2 /* PBXTargetDependency */ = {
			isa = PBXTargetDependency;
			target = 77B8E62929938F5400F81EB2 /* GitHubRepo */;
			targetProxy = 77B8E64129938F5500F81EB2 /* PBXContainerItemProxy */;
		};
		77B8E64C29938F5500F81EB2 /* PBXTargetDependency */ = {
			isa = PBXTargetDependency;
			target = 77B8E62929938F5400F81EB2 /* GitHubRepo */;
			targetProxy = 77B8E64B29938F5500F81EB2 /* PBXContainerItemProxy */;
		};
/* End PBXTargetDependency section */

/* Begin PBXVariantGroup section */
		77B8E63329938F5400F81EB2 /* Main.storyboard */ = {
			isa = PBXVariantGroup;
			children = (
				77B8E63429938F5400F81EB2 /* Base */,
			);
			name = Main.storyboard;
			sourceTree = "<group>";
		};
		77B8E63829938F5500F81EB2 /* LaunchScreen.storyboard */ = {
			isa = PBXVariantGroup;
			children = (
				77B8E63929938F5500F81EB2 /* Base */,
			);
			name = LaunchScreen.storyboard;
			sourceTree = "<group>";
		};
/* End PBXVariantGroup section */

/* Begin XCBuildConfiguration section */
		7780D1862994E16300DB17FB /* Debug */ = {
			isa = XCBuildConfiguration;
			baseConfigurationReference = 6DA2945A64EB22146B0FD71B /* Pods-NetworkKit.debug.xcconfig */;
			buildSettings = {
				CODE_SIGN_STYLE = Automatic;
				CURRENT_PROJECT_VERSION = 1;
				DEFINES_MODULE = YES;
				DEVELOPMENT_TEAM = VQ8QM83QSZ;
				DYLIB_COMPATIBILITY_VERSION = 1;
				DYLIB_CURRENT_VERSION = 1;
				DYLIB_INSTALL_NAME_BASE = "@rpath";
				GENERATE_INFOPLIST_FILE = YES;
				INFOPLIST_KEY_NSHumanReadableCopyright = "";
				INSTALL_PATH = "$(LOCAL_LIBRARY_DIR)/Frameworks";
				IPHONEOS_DEPLOYMENT_TARGET = 12.0;
				LD_RUNPATH_SEARCH_PATHS = (
					"$(inherited)",
					"@executable_path/Frameworks",
					"@loader_path/Frameworks",
				);
				MARKETING_VERSION = 1.0;
				PRODUCT_BUNDLE_IDENTIFIER = com.network.in.NetworkKit;
				PRODUCT_NAME = "$(TARGET_NAME:c99extidentifier)";
				SKIP_INSTALL = YES;
				SUPPORTED_PLATFORMS = "iphoneos iphonesimulator";
				SUPPORTS_MACCATALYST = NO;
				SUPPORTS_MAC_DESIGNED_FOR_IPHONE_IPAD = NO;
				SWIFT_EMIT_LOC_STRINGS = YES;
				SWIFT_VERSION = 5.0;
				TARGETED_DEVICE_FAMILY = 1;
				VERSIONING_SYSTEM = "apple-generic";
				VERSION_INFO_PREFIX = "";
			};
			name = Debug;
		};
		7780D1872994E16300DB17FB /* Release */ = {
			isa = XCBuildConfiguration;
			baseConfigurationReference = 20174924A604A9C6A6845B3F /* Pods-NetworkKit.release.xcconfig */;
			buildSettings = {
				CODE_SIGN_STYLE = Automatic;
				CURRENT_PROJECT_VERSION = 1;
				DEFINES_MODULE = YES;
				DEVELOPMENT_TEAM = VQ8QM83QSZ;
				DYLIB_COMPATIBILITY_VERSION = 1;
				DYLIB_CURRENT_VERSION = 1;
				DYLIB_INSTALL_NAME_BASE = "@rpath";
				GENERATE_INFOPLIST_FILE = YES;
				INFOPLIST_KEY_NSHumanReadableCopyright = "";
				INSTALL_PATH = "$(LOCAL_LIBRARY_DIR)/Frameworks";
				IPHONEOS_DEPLOYMENT_TARGET = 12.0;
				LD_RUNPATH_SEARCH_PATHS = (
					"$(inherited)",
					"@executable_path/Frameworks",
					"@loader_path/Frameworks",
				);
				MARKETING_VERSION = 1.0;
				PRODUCT_BUNDLE_IDENTIFIER = com.network.in.NetworkKit;
				PRODUCT_NAME = "$(TARGET_NAME:c99extidentifier)";
				SKIP_INSTALL = YES;
				SUPPORTED_PLATFORMS = "iphoneos iphonesimulator";
				SUPPORTS_MACCATALYST = NO;
				SUPPORTS_MAC_DESIGNED_FOR_IPHONE_IPAD = NO;
				SWIFT_EMIT_LOC_STRINGS = YES;
				SWIFT_VERSION = 5.0;
				TARGETED_DEVICE_FAMILY = 1;
				VERSIONING_SYSTEM = "apple-generic";
				VERSION_INFO_PREFIX = "";
			};
			name = Release;
		};
		7780D1882994E16300DB17FB /* Debug */ = {
			isa = XCBuildConfiguration;
			baseConfigurationReference = 71E6B28DF3666EC0EE134526 /* Pods-NetworkKit-NetworkKitTests.debug.xcconfig */;
			buildSettings = {
				ALWAYS_EMBED_SWIFT_STANDARD_LIBRARIES = YES;
				CODE_SIGN_STYLE = Automatic;
				CURRENT_PROJECT_VERSION = 1;
				DEVELOPMENT_TEAM = VQ8QM83QSZ;
				GENERATE_INFOPLIST_FILE = YES;
				MARKETING_VERSION = 1.0;
				PRODUCT_BUNDLE_IDENTIFIER = com.network.in.NetworkKitTests;
				PRODUCT_NAME = "$(TARGET_NAME)";
				SWIFT_EMIT_LOC_STRINGS = NO;
				SWIFT_VERSION = 5.0;
				TARGETED_DEVICE_FAMILY = "1,2";
				TEST_HOST = "$(BUILT_PRODUCTS_DIR)/GitHubRepo.app/$(BUNDLE_EXECUTABLE_FOLDER_PATH)/GitHubRepo";
			};
			name = Debug;
		};
		7780D1892994E16300DB17FB /* Release */ = {
			isa = XCBuildConfiguration;
			baseConfigurationReference = B935ECEE77D6568D95D9280B /* Pods-NetworkKit-NetworkKitTests.release.xcconfig */;
			buildSettings = {
				ALWAYS_EMBED_SWIFT_STANDARD_LIBRARIES = YES;
				CODE_SIGN_STYLE = Automatic;
				CURRENT_PROJECT_VERSION = 1;
				DEVELOPMENT_TEAM = VQ8QM83QSZ;
				GENERATE_INFOPLIST_FILE = YES;
				MARKETING_VERSION = 1.0;
				PRODUCT_BUNDLE_IDENTIFIER = com.network.in.NetworkKitTests;
				PRODUCT_NAME = "$(TARGET_NAME)";
				SWIFT_EMIT_LOC_STRINGS = NO;
				SWIFT_VERSION = 5.0;
				TARGETED_DEVICE_FAMILY = "1,2";
				TEST_HOST = "$(BUILT_PRODUCTS_DIR)/GitHubRepo.app/$(BUNDLE_EXECUTABLE_FOLDER_PATH)/GitHubRepo";
			};
			name = Release;
		};
		77B8E65229938F5500F81EB2 /* Debug */ = {
			isa = XCBuildConfiguration;
			buildSettings = {
				ALWAYS_SEARCH_USER_PATHS = NO;
				CLANG_ANALYZER_NONNULL = YES;
				CLANG_ANALYZER_NUMBER_OBJECT_CONVERSION = YES_AGGRESSIVE;
				CLANG_CXX_LANGUAGE_STANDARD = "gnu++20";
				CLANG_ENABLE_MODULES = YES;
				CLANG_ENABLE_OBJC_ARC = YES;
				CLANG_ENABLE_OBJC_WEAK = YES;
				CLANG_WARN_BLOCK_CAPTURE_AUTORELEASING = YES;
				CLANG_WARN_BOOL_CONVERSION = YES;
				CLANG_WARN_COMMA = YES;
				CLANG_WARN_CONSTANT_CONVERSION = YES;
				CLANG_WARN_DEPRECATED_OBJC_IMPLEMENTATIONS = YES;
				CLANG_WARN_DIRECT_OBJC_ISA_USAGE = YES_ERROR;
				CLANG_WARN_DOCUMENTATION_COMMENTS = YES;
				CLANG_WARN_EMPTY_BODY = YES;
				CLANG_WARN_ENUM_CONVERSION = YES;
				CLANG_WARN_INFINITE_RECURSION = YES;
				CLANG_WARN_INT_CONVERSION = YES;
				CLANG_WARN_NON_LITERAL_NULL_CONVERSION = YES;
				CLANG_WARN_OBJC_IMPLICIT_RETAIN_SELF = YES;
				CLANG_WARN_OBJC_LITERAL_CONVERSION = YES;
				CLANG_WARN_OBJC_ROOT_CLASS = YES_ERROR;
				CLANG_WARN_QUOTED_INCLUDE_IN_FRAMEWORK_HEADER = YES;
				CLANG_WARN_RANGE_LOOP_ANALYSIS = YES;
				CLANG_WARN_STRICT_PROTOTYPES = YES;
				CLANG_WARN_SUSPICIOUS_MOVE = YES;
				CLANG_WARN_UNGUARDED_AVAILABILITY = YES_AGGRESSIVE;
				CLANG_WARN_UNREACHABLE_CODE = YES;
				CLANG_WARN__DUPLICATE_METHOD_MATCH = YES;
				COPY_PHASE_STRIP = NO;
				DEBUG_INFORMATION_FORMAT = dwarf;
				ENABLE_STRICT_OBJC_MSGSEND = YES;
				ENABLE_TESTABILITY = YES;
				GCC_C_LANGUAGE_STANDARD = gnu11;
				GCC_DYNAMIC_NO_PIC = NO;
				GCC_NO_COMMON_BLOCKS = YES;
				GCC_OPTIMIZATION_LEVEL = 0;
				GCC_PREPROCESSOR_DEFINITIONS = (
					"DEBUG=1",
					"$(inherited)",
				);
				GCC_WARN_64_TO_32_BIT_CONVERSION = YES;
				GCC_WARN_ABOUT_RETURN_TYPE = YES_ERROR;
				GCC_WARN_UNDECLARED_SELECTOR = YES;
				GCC_WARN_UNINITIALIZED_AUTOS = YES_AGGRESSIVE;
				GCC_WARN_UNUSED_FUNCTION = YES;
				GCC_WARN_UNUSED_VARIABLE = YES;
				IPHONEOS_DEPLOYMENT_TARGET = 16.2;
				MTL_ENABLE_DEBUG_INFO = INCLUDE_SOURCE;
				MTL_FAST_MATH = YES;
				ONLY_ACTIVE_ARCH = YES;
				SDKROOT = iphoneos;
				SWIFT_ACTIVE_COMPILATION_CONDITIONS = DEBUG;
				SWIFT_OPTIMIZATION_LEVEL = "-Onone";
			};
			name = Debug;
		};
		77B8E65329938F5500F81EB2 /* Release */ = {
			isa = XCBuildConfiguration;
			buildSettings = {
				ALWAYS_SEARCH_USER_PATHS = NO;
				CLANG_ANALYZER_NONNULL = YES;
				CLANG_ANALYZER_NUMBER_OBJECT_CONVERSION = YES_AGGRESSIVE;
				CLANG_CXX_LANGUAGE_STANDARD = "gnu++20";
				CLANG_ENABLE_MODULES = YES;
				CLANG_ENABLE_OBJC_ARC = YES;
				CLANG_ENABLE_OBJC_WEAK = YES;
				CLANG_WARN_BLOCK_CAPTURE_AUTORELEASING = YES;
				CLANG_WARN_BOOL_CONVERSION = YES;
				CLANG_WARN_COMMA = YES;
				CLANG_WARN_CONSTANT_CONVERSION = YES;
				CLANG_WARN_DEPRECATED_OBJC_IMPLEMENTATIONS = YES;
				CLANG_WARN_DIRECT_OBJC_ISA_USAGE = YES_ERROR;
				CLANG_WARN_DOCUMENTATION_COMMENTS = YES;
				CLANG_WARN_EMPTY_BODY = YES;
				CLANG_WARN_ENUM_CONVERSION = YES;
				CLANG_WARN_INFINITE_RECURSION = YES;
				CLANG_WARN_INT_CONVERSION = YES;
				CLANG_WARN_NON_LITERAL_NULL_CONVERSION = YES;
				CLANG_WARN_OBJC_IMPLICIT_RETAIN_SELF = YES;
				CLANG_WARN_OBJC_LITERAL_CONVERSION = YES;
				CLANG_WARN_OBJC_ROOT_CLASS = YES_ERROR;
				CLANG_WARN_QUOTED_INCLUDE_IN_FRAMEWORK_HEADER = YES;
				CLANG_WARN_RANGE_LOOP_ANALYSIS = YES;
				CLANG_WARN_STRICT_PROTOTYPES = YES;
				CLANG_WARN_SUSPICIOUS_MOVE = YES;
				CLANG_WARN_UNGUARDED_AVAILABILITY = YES_AGGRESSIVE;
				CLANG_WARN_UNREACHABLE_CODE = YES;
				CLANG_WARN__DUPLICATE_METHOD_MATCH = YES;
				COPY_PHASE_STRIP = NO;
				DEBUG_INFORMATION_FORMAT = "dwarf-with-dsym";
				ENABLE_NS_ASSERTIONS = NO;
				ENABLE_STRICT_OBJC_MSGSEND = YES;
				GCC_C_LANGUAGE_STANDARD = gnu11;
				GCC_NO_COMMON_BLOCKS = YES;
				GCC_WARN_64_TO_32_BIT_CONVERSION = YES;
				GCC_WARN_ABOUT_RETURN_TYPE = YES_ERROR;
				GCC_WARN_UNDECLARED_SELECTOR = YES;
				GCC_WARN_UNINITIALIZED_AUTOS = YES_AGGRESSIVE;
				GCC_WARN_UNUSED_FUNCTION = YES;
				GCC_WARN_UNUSED_VARIABLE = YES;
				IPHONEOS_DEPLOYMENT_TARGET = 16.2;
				MTL_ENABLE_DEBUG_INFO = NO;
				MTL_FAST_MATH = YES;
				SDKROOT = iphoneos;
				SWIFT_COMPILATION_MODE = wholemodule;
				SWIFT_OPTIMIZATION_LEVEL = "-O";
				VALIDATE_PRODUCT = YES;
			};
			name = Release;
		};
		77B8E65529938F5500F81EB2 /* Debug */ = {
			isa = XCBuildConfiguration;
			baseConfigurationReference = 7837A460951AF2565736AAAB /* Pods-GitHubRepo.debug.xcconfig */;
			buildSettings = {
				ALWAYS_EMBED_SWIFT_STANDARD_LIBRARIES = YES;
				ASSETCATALOG_COMPILER_APPICON_NAME = AppIcon;
				ASSETCATALOG_COMPILER_GLOBAL_ACCENT_COLOR_NAME = AccentColor;
				CODE_SIGN_STYLE = Automatic;
				CURRENT_PROJECT_VERSION = 1;
				DEVELOPMENT_TEAM = VQ8QM83QSZ;
				GENERATE_INFOPLIST_FILE = YES;
				INFOPLIST_FILE = GitHubRepo/Info.plist;
				INFOPLIST_KEY_UIApplicationSupportsIndirectInputEvents = YES;
				INFOPLIST_KEY_UILaunchStoryboardName = LaunchScreen;
				INFOPLIST_KEY_UIMainStoryboardFile = Main;
				INFOPLIST_KEY_UISupportedInterfaceOrientations_iPad = "UIInterfaceOrientationPortrait UIInterfaceOrientationPortraitUpsideDown UIInterfaceOrientationLandscapeLeft UIInterfaceOrientationLandscapeRight";
				INFOPLIST_KEY_UISupportedInterfaceOrientations_iPhone = "UIInterfaceOrientationPortrait UIInterfaceOrientationLandscapeLeft UIInterfaceOrientationLandscapeRight";
				IPHONEOS_DEPLOYMENT_TARGET = 12.0;
				LD_RUNPATH_SEARCH_PATHS = (
					"$(inherited)",
					"@executable_path/Frameworks",
				);
				MARKETING_VERSION = 1.0;
				PRODUCT_BUNDLE_IDENTIFIER = com.githubRepo.in.GitHubRepo;
				PRODUCT_NAME = "$(TARGET_NAME)";
				SUPPORTED_PLATFORMS = "iphoneos iphonesimulator";
				SUPPORTS_MACCATALYST = NO;
				SUPPORTS_MAC_DESIGNED_FOR_IPHONE_IPAD = NO;
				SWIFT_EMIT_LOC_STRINGS = YES;
				SWIFT_VERSION = 5.0;
				TARGETED_DEVICE_FAMILY = 1;
			};
			name = Debug;
		};
		77B8E65629938F5500F81EB2 /* Release */ = {
			isa = XCBuildConfiguration;
			baseConfigurationReference = 0401CE2477F9D63152D1754E /* Pods-GitHubRepo.release.xcconfig */;
			buildSettings = {
				ALWAYS_EMBED_SWIFT_STANDARD_LIBRARIES = YES;
				ASSETCATALOG_COMPILER_APPICON_NAME = AppIcon;
				ASSETCATALOG_COMPILER_GLOBAL_ACCENT_COLOR_NAME = AccentColor;
				CODE_SIGN_STYLE = Automatic;
				CURRENT_PROJECT_VERSION = 1;
				DEVELOPMENT_TEAM = VQ8QM83QSZ;
				GENERATE_INFOPLIST_FILE = YES;
				INFOPLIST_FILE = GitHubRepo/Info.plist;
				INFOPLIST_KEY_UIApplicationSupportsIndirectInputEvents = YES;
				INFOPLIST_KEY_UILaunchStoryboardName = LaunchScreen;
				INFOPLIST_KEY_UIMainStoryboardFile = Main;
				INFOPLIST_KEY_UISupportedInterfaceOrientations_iPad = "UIInterfaceOrientationPortrait UIInterfaceOrientationPortraitUpsideDown UIInterfaceOrientationLandscapeLeft UIInterfaceOrientationLandscapeRight";
				INFOPLIST_KEY_UISupportedInterfaceOrientations_iPhone = "UIInterfaceOrientationPortrait UIInterfaceOrientationLandscapeLeft UIInterfaceOrientationLandscapeRight";
				IPHONEOS_DEPLOYMENT_TARGET = 12.0;
				LD_RUNPATH_SEARCH_PATHS = (
					"$(inherited)",
					"@executable_path/Frameworks",
				);
				MARKETING_VERSION = 1.0;
				PRODUCT_BUNDLE_IDENTIFIER = com.githubRepo.in.GitHubRepo;
				PRODUCT_NAME = "$(TARGET_NAME)";
				SUPPORTED_PLATFORMS = "iphoneos iphonesimulator";
				SUPPORTS_MACCATALYST = NO;
				SUPPORTS_MAC_DESIGNED_FOR_IPHONE_IPAD = NO;
				SWIFT_EMIT_LOC_STRINGS = YES;
				SWIFT_VERSION = 5.0;
				TARGETED_DEVICE_FAMILY = 1;
			};
			name = Release;
		};
		77B8E65829938F5500F81EB2 /* Debug */ = {
			isa = XCBuildConfiguration;
			baseConfigurationReference = D3D1AE0F3205A9CCF7EEBE7C /* Pods-GitHubRepoTests.debug.xcconfig */;
			buildSettings = {
				ALWAYS_EMBED_SWIFT_STANDARD_LIBRARIES = YES;
				BUNDLE_LOADER = "$(TEST_HOST)";
				CODE_SIGN_STYLE = Automatic;
				CURRENT_PROJECT_VERSION = 1;
				DEVELOPMENT_TEAM = VQ8QM83QSZ;
				GENERATE_INFOPLIST_FILE = YES;
				IPHONEOS_DEPLOYMENT_TARGET = 16.2;
				MARKETING_VERSION = 1.0;
				PRODUCT_BUNDLE_IDENTIFIER = com.githubRepo.in.GitHubRepoTests;
				PRODUCT_NAME = "$(TARGET_NAME)";
				SWIFT_EMIT_LOC_STRINGS = NO;
				SWIFT_VERSION = 5.0;
				TARGETED_DEVICE_FAMILY = "1,2";
				TEST_HOST = "$(BUILT_PRODUCTS_DIR)/GitHubRepo.app/$(BUNDLE_EXECUTABLE_FOLDER_PATH)/GitHubRepo";
			};
			name = Debug;
		};
		77B8E65929938F5500F81EB2 /* Release */ = {
			isa = XCBuildConfiguration;
			baseConfigurationReference = AD53A693B306429D72CAAB2F /* Pods-GitHubRepoTests.release.xcconfig */;
			buildSettings = {
				ALWAYS_EMBED_SWIFT_STANDARD_LIBRARIES = YES;
				BUNDLE_LOADER = "$(TEST_HOST)";
				CODE_SIGN_STYLE = Automatic;
				CURRENT_PROJECT_VERSION = 1;
				DEVELOPMENT_TEAM = VQ8QM83QSZ;
				GENERATE_INFOPLIST_FILE = YES;
				IPHONEOS_DEPLOYMENT_TARGET = 16.2;
				MARKETING_VERSION = 1.0;
				PRODUCT_BUNDLE_IDENTIFIER = com.githubRepo.in.GitHubRepoTests;
				PRODUCT_NAME = "$(TARGET_NAME)";
				SWIFT_EMIT_LOC_STRINGS = NO;
				SWIFT_VERSION = 5.0;
				TARGETED_DEVICE_FAMILY = "1,2";
				TEST_HOST = "$(BUILT_PRODUCTS_DIR)/GitHubRepo.app/$(BUNDLE_EXECUTABLE_FOLDER_PATH)/GitHubRepo";
			};
			name = Release;
		};
		77B8E65B29938F5500F81EB2 /* Debug */ = {
			isa = XCBuildConfiguration;
			baseConfigurationReference = D77DCEDDA0DFF6E8D367964F /* Pods-GitHubRepo-GitHubRepoUITests.debug.xcconfig */;
			buildSettings = {
				ALWAYS_EMBED_SWIFT_STANDARD_LIBRARIES = YES;
				CODE_SIGN_STYLE = Automatic;
				CURRENT_PROJECT_VERSION = 1;
				DEVELOPMENT_TEAM = VQ8QM83QSZ;
				GENERATE_INFOPLIST_FILE = YES;
				MARKETING_VERSION = 1.0;
				PRODUCT_BUNDLE_IDENTIFIER = com.githubRepo.in.GitHubRepoUITests;
				PRODUCT_NAME = "$(TARGET_NAME)";
				SWIFT_EMIT_LOC_STRINGS = NO;
				SWIFT_VERSION = 5.0;
				TARGETED_DEVICE_FAMILY = "1,2";
				TEST_TARGET_NAME = GitHubRepo;
			};
			name = Debug;
		};
		77B8E65C29938F5500F81EB2 /* Release */ = {
			isa = XCBuildConfiguration;
			baseConfigurationReference = AB14693BDF0D5C482FF1CA43 /* Pods-GitHubRepo-GitHubRepoUITests.release.xcconfig */;
			buildSettings = {
				ALWAYS_EMBED_SWIFT_STANDARD_LIBRARIES = YES;
				CODE_SIGN_STYLE = Automatic;
				CURRENT_PROJECT_VERSION = 1;
				DEVELOPMENT_TEAM = VQ8QM83QSZ;
				GENERATE_INFOPLIST_FILE = YES;
				MARKETING_VERSION = 1.0;
				PRODUCT_BUNDLE_IDENTIFIER = com.githubRepo.in.GitHubRepoUITests;
				PRODUCT_NAME = "$(TARGET_NAME)";
				SWIFT_EMIT_LOC_STRINGS = NO;
				SWIFT_VERSION = 5.0;
				TARGETED_DEVICE_FAMILY = "1,2";
				TEST_TARGET_NAME = GitHubRepo;
			};
			name = Release;
		};
/* End XCBuildConfiguration section */

/* Begin XCConfigurationList section */
		7780D18A2994E16300DB17FB /* Build configuration list for PBXNativeTarget "NetworkKit" */ = {
			isa = XCConfigurationList;
			buildConfigurations = (
				7780D1862994E16300DB17FB /* Debug */,
				7780D1872994E16300DB17FB /* Release */,
			);
			defaultConfigurationIsVisible = 0;
			defaultConfigurationName = Release;
		};
		7780D18B2994E16300DB17FB /* Build configuration list for PBXNativeTarget "NetworkKitTests" */ = {
			isa = XCConfigurationList;
			buildConfigurations = (
				7780D1882994E16300DB17FB /* Debug */,
				7780D1892994E16300DB17FB /* Release */,
			);
			defaultConfigurationIsVisible = 0;
			defaultConfigurationName = Release;
		};
		77B8E62529938F5400F81EB2 /* Build configuration list for PBXProject "GitHubRepo" */ = {
			isa = XCConfigurationList;
			buildConfigurations = (
				77B8E65229938F5500F81EB2 /* Debug */,
				77B8E65329938F5500F81EB2 /* Release */,
			);
			defaultConfigurationIsVisible = 0;
			defaultConfigurationName = Release;
		};
		77B8E65429938F5500F81EB2 /* Build configuration list for PBXNativeTarget "GitHubRepo" */ = {
			isa = XCConfigurationList;
			buildConfigurations = (
				77B8E65529938F5500F81EB2 /* Debug */,
				77B8E65629938F5500F81EB2 /* Release */,
			);
			defaultConfigurationIsVisible = 0;
			defaultConfigurationName = Release;
		};
		77B8E65729938F5500F81EB2 /* Build configuration list for PBXNativeTarget "GitHubRepoTests" */ = {
			isa = XCConfigurationList;
			buildConfigurations = (
				77B8E65829938F5500F81EB2 /* Debug */,
				77B8E65929938F5500F81EB2 /* Release */,
			);
			defaultConfigurationIsVisible = 0;
			defaultConfigurationName = Release;
		};
		77B8E65A29938F5500F81EB2 /* Build configuration list for PBXNativeTarget "GitHubRepoUITests" */ = {
			isa = XCConfigurationList;
			buildConfigurations = (
				77B8E65B29938F5500F81EB2 /* Debug */,
				77B8E65C29938F5500F81EB2 /* Release */,
			);
			defaultConfigurationIsVisible = 0;
			defaultConfigurationName = Release;
		};
/* End XCConfigurationList section */
	};
	rootObject = 77B8E62229938F5400F81EB2 /* Project object */;
}
